// !$*UTF8*$!
{
	archiveVersion = 1;
	classes = {
	};
	objectVersion = 46;
	objects = {

/* Begin PBXBuildFile section */
		99B8F7111E2FDAA600414C4C /* AppDelegate.swift in Sources */ = {isa = PBXBuildFile; fileRef = 99B8F7101E2FDAA600414C4C /* AppDelegate.swift */; };
		99B8F7131E2FDAA600414C4C /* ViewController.swift in Sources */ = {isa = PBXBuildFile; fileRef = 99B8F7121E2FDAA600414C4C /* ViewController.swift */; };
		99B8F7161E2FDAA600414C4C /* Main.storyboard in Resources */ = {isa = PBXBuildFile; fileRef = 99B8F7141E2FDAA600414C4C /* Main.storyboard */; };
		99B8F7191E2FDAA600414C4C /* Doit.xcdatamodeld in Sources */ = {isa = PBXBuildFile; fileRef = 99B8F7171E2FDAA600414C4C /* Doit.xcdatamodeld */; };
		99B8F71B1E2FDAA600414C4C /* Assets.xcassets in Resources */ = {isa = PBXBuildFile; fileRef = 99B8F71A1E2FDAA600414C4C /* Assets.xcassets */; };
		99B8F71E1E2FDAA600414C4C /* LaunchScreen.storyboard in Resources */ = {isa = PBXBuildFile; fileRef = 99B8F71C1E2FDAA600414C4C /* LaunchScreen.storyboard */; };
/* End PBXBuildFile section */

/* Begin PBXFileReference section */
		99B8F70D1E2FDAA600414C4C /* Doit.app */ = {isa = PBXFileReference; explicitFileType = wrapper.application; includeInIndex = 0; path = Doit.app; sourceTree = BUILT_PRODUCTS_DIR; };
		99B8F7101E2FDAA600414C4C /* AppDelegate.swift */ = {isa = PBXFileReference; lastKnownFileType = sourcecode.swift; path = AppDelegate.swift; sourceTree = "<group>"; };
		99B8F7121E2FDAA600414C4C /* ViewController.swift */ = {isa = PBXFileReference; lastKnownFileType = sourcecode.swift; path = ViewController.swift; sourceTree = "<group>"; };
		99B8F7151E2FDAA600414C4C /* Base */ = {isa = PBXFileReference; lastKnownFileType = file.storyboard; name = Base; path = Base.lproj/Main.storyboard; sourceTree = "<group>"; };
		99B8F7181E2FDAA600414C4C /* Doit.xcdatamodel */ = {isa = PBXFileReference; lastKnownFileType = wrapper.xcdatamodel; path = Doit.xcdatamodel; sourceTree = "<group>"; };
		99B8F71A1E2FDAA600414C4C /* Assets.xcassets */ = {isa = PBXFileReference; lastKnownFileType = folder.assetcatalog; path = Assets.xcassets; sourceTree = "<group>"; };
		99B8F71D1E2FDAA600414C4C /* Base */ = {isa = PBXFileReference; lastKnownFileType = file.storyboard; name = Base; path = Base.lproj/LaunchScreen.storyboard; sourceTree = "<group>"; };
		99B8F71F1E2FDAA600414C4C /* Info.plist */ = {isa = PBXFileReference; lastKnownFileType = text.plist.xml; path = Info.plist; sourceTree = "<group>"; };
/* End PBXFileReference section */

/* Begin PBXFrameworksBuildPhase section */
		99B8F70A1E2FDAA500414C4C /* Frameworks */ = {
			isa = PBXFrameworksBuildPhase;
			buildActionMask = 2147483647;
			files = (
			);
			runOnlyForDeploymentPostprocessing = 0;
		};
/* End PBXFrameworksBuildPhase section */

/* Begin PBXGroup section */
		99B8F7041E2FDAA500414C4C = {
			isa = PBXGroup;
			children = (
				99B8F70F1E2FDAA600414C4C /* Doit */,
				99B8F70E1E2FDAA600414C4C /* Products */,
			);
			sourceTree = "<group>";
		};
		99B8F70E1E2FDAA600414C4C /* Products */ = {
			isa = PBXGroup;
			children = (
				99B8F70D1E2FDAA600414C4C /* Doit.app */,
			);
			name = Products;
			sourceTree = "<group>";
		};
		99B8F70F1E2FDAA600414C4C /* Doit */ = {
			isa = PBXGroup;
			children = (
				99B8F7101E2FDAA600414C4C /* AppDelegate.swift */,
				99B8F7121E2FDAA600414C4C /* ViewController.swift */,
				99B8F7141E2FDAA600414C4C /* Main.storyboard */,
				99B8F71A1E2FDAA600414C4C /* Assets.xcassets */,
				99B8F71C1E2FDAA600414C4C /* LaunchScreen.storyboard */,
				99B8F71F1E2FDAA600414C4C /* Info.plist */,
				99B8F7171E2FDAA600414C4C /* Doit.xcdatamodeld */,
			);
			path = Doit;
			sourceTree = "<group>";
		};
/* End PBXGroup section */

/* Begin PBXNativeTarget section */
		99B8F70C1E2FDAA500414C4C /* Doit */ = {
			isa = PBXNativeTarget;
			buildConfigurationList = 99B8F7221E2FDAA600414C4C /* Build configuration list for PBXNativeTarget "Doit" */;
			buildPhases = (
				99B8F7091E2FDAA500414C4C /* Sources */,
				99B8F70A1E2FDAA500414C4C /* Frameworks */,
				99B8F70B1E2FDAA500414C4C /* Resources */,
			);
			buildRules = (
			);
			dependencies = (
			);
			name = Doit;
			productName = Doit;
			productReference = 99B8F70D1E2FDAA600414C4C /* Doit.app */;
			productType = "com.apple.product-type.application";
		};
/* End PBXNativeTarget section */

/* Begin PBXProject section */
		99B8F7051E2FDAA500414C4C /* Project object */ = {
			isa = PBXProject;
			attributes = {
				LastSwiftUpdateCheck = 0820;
				LastUpgradeCheck = 0820;
				ORGANIZATIONNAME = "ziad adra";
				TargetAttributes = {
					99B8F70C1E2FDAA500414C4C = {
						CreatedOnToolsVersion = 8.2;
						ProvisioningStyle = Automatic;
					};
				};
			};
			buildConfigurationList = 99B8F7081E2FDAA500414C4C /* Build configuration list for PBXProject "Doit" */;
			compatibilityVersion = "Xcode 3.2";
			developmentRegion = English;
			hasScannedForEncodings = 0;
			knownRegions = (
				en,
				Base,
			);
			mainGroup = 99B8F7041E2FDAA500414C4C;
			productRefGroup = 99B8F70E1E2FDAA600414C4C /* Products */;
			projectDirPath = "";
			projectRoot = "";
			targets = (
				99B8F70C1E2FDAA500414C4C /* Doit */,
			);
		};
/* End PBXProject section */

/* Begin PBXResourcesBuildPhase section */
		99B8F70B1E2FDAA500414C4C /* Resources */ = {
			isa = PBXResourcesBuildPhase;
			buildActionMask = 2147483647;
			files = (
				99B8F71E1E2FDAA600414C4C /* LaunchScreen.storyboard in Resources */,
				99B8F71B1E2FDAA600414C4C /* Assets.xcassets in Resources */,
				99B8F7161E2FDAA600414C4C /* Main.storyboard in Resources */,
			);
			runOnlyForDeploymentPostprocessing = 0;
		};
/* End PBXResourcesBuildPhase section */

/* Begin PBXSourcesBuildPhase section */
		99B8F7091E2FDAA500414C4C /* Sources */ = {
			isa = PBXSourcesBuildPhase;
			buildActionMask = 2147483647;
			files = (
				99B8F7131E2FDAA600414C4C /* ViewController.swift in Sources */,
				99B8F7111E2FDAA600414C4C /* AppDelegate.swift in Sources */,
				99B8F7191E2FDAA600414C4C /* Doit.xcdatamodeld in Sources */,
			);
			runOnlyForDeploymentPostprocessing = 0;
		};
/* End PBXSourcesBuildPhase section */

/* Begin PBXVariantGroup section */
		99B8F7141E2FDAA600414C4C /* Main.storyboard */ = {
			isa = PBXVariantGroup;
			children = (
				99B8F7151E2FDAA600414C4C /* Base */,
			);
			name = Main.storyboard;
			sourceTree = "<group>";
		};
		99B8F71C1E2FDAA600414C4C /* LaunchScreen.storyboard */ = {
			isa = PBXVariantGroup;
			children = (
				99B8F71D1E2FDAA600414C4C /* Base */,
			);
			name = LaunchScreen.storyboard;
			sourceTree = "<group>";
		};
/* End PBXVariantGroup section */

/* Begin XCBuildConfiguration section */
		99B8F7201E2FDAA600414C4C /* Debug */ = {
			isa = XCBuildConfiguration;
			buildSettings = {
				ALWAYS_SEARCH_USER_PATHS = NO;
				CLANG_ANALYZER_NONNULL = YES;
				CLANG_CXX_LANGUAGE_STANDARD = "gnu++0x";
				CLANG_CXX_LIBRARY = "libc++";
				CLANG_ENABLE_MODULES = YES;
				CLANG_ENABLE_OBJC_ARC = YES;
				CLANG_WARN_BOOL_CONVERSION = YES;
				CLANG_WARN_CONSTANT_CONVERSION = YES;
				CLANG_WARN_DIRECT_OBJC_ISA_USAGE = YES_ERROR;
				CLANG_WARN_DOCUMENTATION_COMMENTS = YES;
				CLANG_WARN_EMPTY_BODY = YES;
				CLANG_WARN_ENUM_CONVERSION = YES;
				CLANG_WARN_INFINITE_RECURSION = YES;
				CLANG_WARN_INT_CONVERSION = YES;
				CLANG_WARN_OBJC_ROOT_CLASS = YES_ERROR;
				CLANG_WARN_SUSPICIOUS_MOVE = YES;
				CLANG_WARN_UNREACHABLE_CODE = YES;
				CLANG_WARN__DUPLICATE_METHOD_MATCH = YES;
				"CODE_SIGN_IDENTITY[sdk=iphoneos*]" = "iPhone Developer";
				COPY_PHASE_STRIP = NO;
				DEBUG_INFORMATION_FORMAT = dwarf;
				ENABLE_STRICT_OBJC_MSGSEND = YES;
				ENABLE_TESTABILITY = YES;
				GCC_C_LANGUAGE_STANDARD = gnu99;
				GCC_DYNAMIC_NO_PIC = NO;
				GCC_NO_COMMON_BLOCKS = YES;
				GCC_OPTIMIZATION_LEVEL = 0;
				GCC_PREPROCESSOR_DEFINITIONS = (
					"DEBUG=1",
					"$(inherited)",
				);
				GCC_WARN_64_TO_32_BIT_CONVERSION = YES;
				GCC_WARN_ABOUT_RETURN_TYPE = YES_ERROR;
				GCC_WARN_UNDECLARED_SELECTOR = YES;
				GCC_WARN_UNINITIALIZED_AUTOS = YES_AGGRESSIVE;
				GCC_WARN_UNUSED_FUNCTION = YES;
				GCC_WARN_UNUSED_VARIABLE = YES;
				IPHONEOS_DEPLOYMENT_TARGET = 10.2;
				MTL_ENABLE_DEBUG_INFO = YES;
				ONLY_ACTIVE_ARCH = YES;
				SDKROOT = iphoneos;
				SWIFT_ACTIVE_COMPILATION_CONDITIONS = DEBUG;
				SWIFT_OPTIMIZATION_LEVEL = "-Onone";
				TARGETED_DEVICE_FAMILY = "1,2";
			};
			name = Debug;
		};
		99B8F7211E2FDAA600414C4C /* Release */ = {
			isa = XCBuildConfiguration;
			buildSettings = {
				ALWAYS_SEARCH_USER_PATHS = NO;
				CLANG_ANALYZER_NONNULL = YES;
				CLANG_CXX_LANGUAGE_STANDARD = "gnu++0x";
				CLANG_CXX_LIBRARY = "libc++";
				CLANG_ENABLE_MODULES = YES;
				CLANG_ENABLE_OBJC_ARC = YES;
				CLANG_WARN_BOOL_CONVERSION = YES;
				CLANG_WARN_CONSTANT_CONVERSION = YES;
				CLANG_WARN_DIRECT_OBJC_ISA_USAGE = YES_ERROR;
				CLANG_WARN_DOCUMENTATION_COMMENTS = YES;
				CLANG_WARN_EMPTY_BODY = YES;
				CLANG_WARN_ENUM_CONVERSION = YES;
				CLANG_WARN_INFINITE_RECURSION = YES;
				CLANG_WARN_INT_CONVERSION = YES;
				CLANG_WARN_OBJC_ROOT_CLASS = YES_ERROR;
				CLANG_WARN_SUSPICIOUS_MOVE = YES;
				CLANG_WARN_UNREACHABLE_CODE = YES;
				CLANG_WARN__DUPLICATE_METHOD_MATCH = YES;
				"CODE_SIGN_IDENTITY[sdk=iphoneos*]" = "iPhone Developer";
				COPY_PHASE_STRIP = NO;
				DEBUG_INFORMATION_FORMAT = "dwarf-with-dsym";
				ENABLE_NS_ASSERTIONS = NO;
				ENABLE_STRICT_OBJC_MSGSEND = YES;
				GCC_C_LANGUAGE_STANDARD = gnu99;
				GCC_NO_COMMON_BLOCKS = YES;
				GCC_WARN_64_TO_32_BIT_CONVERSION = YES;
				GCC_WARN_ABOUT_RETURN_TYPE = YES_ERROR;
				GCC_WARN_UNDECLARED_SELECTOR = YES;
				GCC_WARN_UNINITIALIZED_AUTOS = YES_AGGRESSIVE;
				GCC_WARN_UNUSED_FUNCTION = YES;
				GCC_WARN_UNUSED_VARIABLE = YES;
				IPHONEOS_DEPLOYMENT_TARGET = 10.2;
				MTL_ENABLE_DEBUG_INFO = NO;
				SDKROOT = iphoneos;
				SWIFT_OPTIMIZATION_LEVEL = "-Owholemodule";
				TARGETED_DEVICE_FAMILY = "1,2";
				VALIDATE_PRODUCT = YES;
			};
			name = Release;
		};
		99B8F7231E2FDAA600414C4C /* Debug */ = {
			isa = XCBuildConfiguration;
			buildSettings = {
				ASSETCATALOG_COMPILER_APPICON_NAME = AppIcon;
				INFOPLIST_FILE = Doit/Info.plist;
				LD_RUNPATH_SEARCH_PATHS = "$(inherited) @executable_path/Frameworks";
				PRODUCT_BUNDLE_IDENTIFIER = adratech.Doit;
				PRODUCT_NAME = "$(TARGET_NAME)";
				SWIFT_VERSION = 3.0;
			};
			name = Debug;
		};
		99B8F7241E2FDAA600414C4C /* Release */ = {
			isa = XCBuildConfiguration;
			buildSettings = {
				ASSETCATALOG_COMPILER_APPICON_NAME = AppIcon;
				INFOPLIST_FILE = Doit/Info.plist;
				LD_RUNPATH_SEARCH_PATHS = "$(inherited) @executable_path/Frameworks";
				PRODUCT_BUNDLE_IDENTIFIER = adratech.Doit;
				PRODUCT_NAME = "$(TARGET_NAME)";
				SWIFT_VERSION = 3.0;
			};
			name = Release;
		};
/* End XCBuildConfiguration section */

/* Begin XCConfigurationList section */
		99B8F7081E2FDAA500414C4C /* Build configuration list for PBXProject "Doit" */ = {
			isa = XCConfigurationList;
			buildConfigurations = (
				99B8F7201E2FDAA600414C4C /* Debug */,
				99B8F7211E2FDAA600414C4C /* Release */,
			);
			defaultConfigurationIsVisible = 0;
			defaultConfigurationName = Release;
		};
		99B8F7221E2FDAA600414C4C /* Build configuration list for PBXNativeTarget "Doit" */ = {
			isa = XCConfigurationList;
			buildConfigurations = (
				99B8F7231E2FDAA600414C4C /* Debug */,
				99B8F7241E2FDAA600414C4C /* Release */,
			);
			defaultConfigurationIsVisible = 0;
		};
/* End XCConfigurationList section */

/* Begin XCVersionGroup section */
		99B8F7171E2FDAA600414C4C /* Doit.xcdatamodeld */ = {
			isa = XCVersionGroup;
			children = (
				99B8F7181E2FDAA600414C4C /* Doit.xcdatamodel */,
			);
			currentVersion = 99B8F7181E2FDAA600414C4C /* Doit.xcdatamodel */;
			path = Doit.xcdatamodeld;
			sourceTree = "<group>";
			versionGroupType = wrapper.xcdatamodel;
		};
/* End XCVersionGroup section */
	};
	rootObject = 99B8F7051E2FDAA500414C4C /* Project object */;
}
